
Microsoft Visual Studio Solution File, Format Version 12.00
# Visual Studio Version 17
VisualStudioVersion = 17.13.35919.96 d17.13
MinimumVisualStudioVersion = 10.0.40219.1
Project("{FAE04EC0-301F-11D3-BF4B-00C04F79EFBC}") = "AuctionMS", "AuctionMS.csproj", "{44BAE362-E67F-4A35-8D58-AC8D626E0D05}"
EndProject
Project("{FAE04EC0-301F-11D3-BF4B-00C04F79EFBC}") = "AuctionMS.Application", "..\AuctionMS.Application\AuctionMS.Application.csproj", "{CE0C0AAA-B115-4A2F-8D28-94E778DCFE4E}"
EndProject
Project("{FAE04EC0-301F-11D3-BF4B-00C04F79EFBC}") = "AuctionMS.Common", "..\AuctionMS.Common\AuctionMS.Common.csproj", "{52323470-0B64-42E8-ABCC-231308D2E0BB}"
EndProject
Project("{FAE04EC0-301F-11D3-BF4B-00C04F79EFBC}") = "AuctionMS.Core", "..\AuctionMS.Core\AuctionMS.Core.csproj", "{63E858CC-6EB5-412A-9691-C67044508CC0}"
EndProject
Project("{FAE04EC0-301F-11D3-BF4B-00C04F79EFBC}") = "AuctionMS.Domain", "..\AuctionMS.Domain\AuctionMS.Domain.csproj", "{AE11ECE9-60CC-47FA-866C-649C25AF8814}"
EndProject
Project("{FAE04EC0-301F-11D3-BF4B-00C04F79EFBC}") = "AuctionMS.Infrastructure", "..\AuctionMS.Infrastructure\AuctionMS.Infrastructure.csproj", "{C8683211-A441-44B0-A9C4-8F76D4301F09}"
EndProject
Project("{FAE04EC0-301F-11D3-BF4B-00C04F79EFBC}") = "AuctionMS.Test", "..\AuctionMS.Test\AuctionMS.Test.csproj", "{88C5FE46-C48E-4717-98A0-50C0D2DCF69F}"
EndProject
Global
	GlobalSection(SolutionConfigurationPlatforms) = preSolution
		Debug|Any CPU = Debug|Any CPU
		Release|Any CPU = Release|Any CPU
	EndGlobalSection
	GlobalSection(ProjectConfigurationPlatforms) = postSolution
		{44BAE362-E67F-4A35-8D58-AC8D626E0D05}.Debug|Any CPU.ActiveCfg = Debug|Any CPU
		{44BAE362-E67F-4A35-8D58-AC8D626E0D05}.Debug|Any CPU.Build.0 = Debug|Any CPU
		{44BAE362-E67F-4A35-8D58-AC8D626E0D05}.Release|Any CPU.ActiveCfg = Release|Any CPU
		{44BAE362-E67F-4A35-8D58-AC8D626E0D05}.Release|Any CPU.Build.0 = Release|Any CPU
		{CE0C0AAA-B115-4A2F-8D28-94E778DCFE4E}.Debug|Any CPU.ActiveCfg = Debug|Any CPU
		{CE0C0AAA-B115-4A2F-8D28-94E778DCFE4E}.Debug|Any CPU.Build.0 = Debug|Any CPU
		{CE0C0AAA-B115-4A2F-8D28-94E778DCFE4E}.Release|Any CPU.ActiveCfg = Release|Any CPU
		{CE0C0AAA-B115-4A2F-8D28-94E778DCFE4E}.Release|Any CPU.Build.0 = Release|Any CPU
		{52323470-0B64-42E8-ABCC-231308D2E0BB}.Debug|Any CPU.ActiveCfg = Debug|Any CPU
		{52323470-0B64-42E8-ABCC-231308D2E0BB}.Debug|Any CPU.Build.0 = Debug|Any CPU
		{52323470-0B64-42E8-ABCC-231308D2E0BB}.Release|Any CPU.ActiveCfg = Release|Any CPU
		{52323470-0B64-42E8-ABCC-231308D2E0BB}.Release|Any CPU.Build.0 = Release|Any CPU
		{63E858CC-6EB5-412A-9691-C67044508CC0}.Debug|Any CPU.ActiveCfg = Debug|Any CPU
		{63E858CC-6EB5-412A-9691-C67044508CC0}.Debug|Any CPU.Build.0 = Debug|Any CPU
		{63E858CC-6EB5-412A-9691-C67044508CC0}.Release|Any CPU.ActiveCfg = Release|Any CPU
		{63E858CC-6EB5-412A-9691-C67044508CC0}.Release|Any CPU.Build.0 = Release|Any CPU
		{AE11ECE9-60CC-47FA-866C-649C25AF8814}.Debug|Any CPU.ActiveCfg = Debug|Any CPU
		{AE11ECE9-60CC-47FA-866C-649C25AF8814}.Debug|Any CPU.Build.0 = Debug|Any CPU
		{AE11ECE9-60CC-47FA-866C-649C25AF8814}.Release|Any CPU.ActiveCfg = Release|Any CPU
		{AE11ECE9-60CC-47FA-866C-649C25AF8814}.Release|Any CPU.Build.0 = Release|Any CPU
		{C8683211-A441-44B0-A9C4-8F76D4301F09}.Debug|Any CPU.ActiveCfg = Debug|Any CPU
		{C8683211-A441-44B0-A9C4-8F76D4301F09}.Debug|Any CPU.Build.0 = Debug|Any CPU
		{C8683211-A441-44B0-A9C4-8F76D4301F09}.Release|Any CPU.ActiveCfg = Release|Any CPU
		{C8683211-A441-44B0-A9C4-8F76D4301F09}.Release|Any CPU.Build.0 = Release|Any CPU
		{88C5FE46-C48E-4717-98A0-50C0D2DCF69F}.Debug|Any CPU.ActiveCfg = Debug|Any CPU
		{88C5FE46-C48E-4717-98A0-50C0D2DCF69F}.Debug|Any CPU.Build.0 = Debug|Any CPU
		{88C5FE46-C48E-4717-98A0-50C0D2DCF69F}.Release|Any CPU.ActiveCfg = Release|Any CPU
		{88C5FE46-C48E-4717-98A0-50C0D2DCF69F}.Release|Any CPU.Build.0 = Release|Any CPU
	EndGlobalSection
	GlobalSection(SolutionProperties) = preSolution
		HideSolutionNode = FALSE
	EndGlobalSection
	GlobalSection(ExtensibilityGlobals) = postSolution
		SolutionGuid = {65F1C792-4AD1-4A2E-AF87-15205F94FAC9}
	EndGlobalSection
EndGlobal
